hash: dd495faab0dee27e8b5bde4fe0e9be5741f8b85dda7961b925d8f444f6a9ac29
updated: 2019-09-20T15:42:22.365186678+08:00
imports:
- name: github.com/asaskevich/govalidator
  version: f9ffefc3facfbe0caee3fea233cbb6e8208f4541
- name: github.com/aws/aws-sdk-go
  version: fde4ded7becdeae4d26bf1212916aabba79349b4
  subpackages:
  - aws
  - aws/awserr
  - aws/awsutil
  - aws/client
  - aws/client/metadata
  - aws/corehandlers
  - aws/credentials
  - aws/credentials/ec2rolecreds
  - aws/credentials/endpointcreds
  - aws/credentials/stscreds
  - aws/csm
  - aws/defaults
  - aws/ec2metadata
  - aws/endpoints
  - aws/request
  - aws/session
  - aws/signer/v4
  - internal/sdkio
  - internal/sdkrand
  - internal/shareddefaults
  - private/protocol
  - private/protocol/json/jsonutil
  - private/protocol/jsonrpc
  - private/protocol/query
  - private/protocol/query/queryutil
  - private/protocol/rest
  - private/protocol/xml/xmlutil
  - service/dynamodb
  - service/dynamodb/dynamodbattribute
  - service/dynamodb/dynamodbiface
  - service/sqs
  - service/sqs/sqsiface
  - service/sts
- name: github.com/Azure/go-ansiterm
  version: d6e3b3328b783f23731bc4d058875b0371ff8109
  subpackages:
  - winterm
- name: github.com/bitly/go-simplejson
  version: 9db4a59bd4d803ae0c173a7d8a538e056cd59d57
- name: github.com/bradfitz/gomemcache
  version: a41fca850d0b6f392931a78cbae438803ea0b886
  subpackages:
  - memcache
- name: github.com/bsm/sarama-cluster
  version: c618e605e15c0d7535f6c96ff8efbb0dba4fd66c
- name: github.com/BurntSushi/toml
  version: 3012a1dbe2e4bd1391d42b32f0577cb7bbc7f005
- name: github.com/chai2010/gettext-go
  version: c6fed771bfd517099caf0f7a961671fa8ed08723
  subpackages:
  - gettext
  - gettext/mo
  - gettext/plural
  - gettext/po
- name: github.com/containerd/containerd
  version: 9b32062dc1f5a7c2564315c269b5059754f12b9d
  subpackages:
  - content
  - content/local
  - errdefs
  - filters
  - images
  - log
  - platforms
  - reference
  - remotes
  - remotes/docker
  - sys
- name: github.com/containerd/continuity
  version: 75bee3e2ccb6402e3a986ab8bd3b17003fc0fdec
  subpackages:
  - devices
  - driver
  - pathdriver
  - proto
  - syscallx
  - sysx
- name: github.com/davecgh/go-spew
  version: 8991bc29aa16c548c550c7ff78260e27b9ab7c73
  subpackages:
  - spew
- name: github.com/deislabs/oras
  version: b285197778e05cd348abb8ff50faf0ef7e3554a2
  subpackages:
  - pkg/auth
  - pkg/auth/docker
  - pkg/content
  - pkg/context
  - pkg/oras
- name: github.com/dgrijalva/jwt-go
  version: 06ea1031745cb8b3dab3f6a236daf2b0aa468b7e
- name: github.com/docker/cli
  version: f429e4bfd95d17b2e0a93753d3e77d49d3cf920a
  subpackages:
  - cli/config
  - cli/config/configfile
  - cli/config/credentials
  - cli/config/types
- name: github.com/docker/distribution
  version: edc3ab29cdff8694dd6feb85cfeb4b5f1b38ed9c
  subpackages:
  - context
  - digestset
  - reference
  - registry/api/errcode
  - registry/api/v2
  - registry/client
  - registry/client/auth
  - registry/client/auth/challenge
  - registry/client/transport
  - registry/storage/cache
  - registry/storage/cache/memory
  - uuid
- name: github.com/docker/docker
  version: 2cb26cfe9cbf8a64c5046c74d65f4528b22e67f4
  subpackages:
  - api/types
  - api/types/blkiodev
  - api/types/container
  - api/types/filters
  - api/types/mount
  - api/types/network
  - api/types/registry
  - api/types/strslice
  - api/types/swarm
  - api/types/swarm/runtime
  - api/types/versions
  - errdefs
  - pkg/homedir
  - pkg/idtools
  - pkg/ioutils
  - pkg/jsonmessage
  - pkg/longpath
  - pkg/mount
  - pkg/stringid
  - pkg/system
  - pkg/tarsum
  - pkg/term
  - pkg/term/windows
  - registry
  - registry/resumable
- name: github.com/docker/docker-credential-helpers
  version: f78081d1f7fef6ad74ad6b79368de6348386e591
  subpackages:
  - client
  - credentials
- name: github.com/docker/go-connections
  version: 3ede32e2033de7505e6500d6c868c2b9ed9f169d
  subpackages:
  - nat
  - sockets
  - tlsconfig
- name: github.com/docker/go-units
  version: 9e638d38cf6977a37a8ea0078f3ee75a7cdb2dd1
- name: github.com/docker/spdystream
  version: 449fdfce4d962303d702fec724ef0ad181c92528
  subpackages:
  - spdy
- name: github.com/eapache/go-resiliency
  version: b98ce2825f7276cc41027348986a241ef5d62fd8
  subpackages:
  - breaker
- name: github.com/eapache/go-xerial-snappy
  version: 776d5712da21bc4762676d614db1d8a64f4238b0
- name: github.com/eapache/queue
  version: 093482f3f8ce946c05bcba64badd2c82369e084d
- name: github.com/emicklei/go-restful
  version: 3eb9738c1697594ea6e71a7156a9bb32ed216cf0
  subpackages:
  - log
- name: github.com/emicklei/go-restful-openapi
  version: f6154fc4effc2950a299faa5ac752ebf8b44a86e
  repo: https://github.com/WarpCloud/go-restful-openapi.git
- name: github.com/evanphx/json-patch
  version: 5858425f75500d40c52783dce87d085a483ce135
- name: github.com/exponent-io/jsonpath
  version: d6023ce2651d8eafb5c75bb0c7167536102ec9f5
- name: github.com/fatih/color
  version: 3f9d52f7176a6927daacff70a3e8d1dc2025c53e
- name: github.com/ghodss/yaml
  version: 0ca9ea5df5451ffdf184b4428c902747c2c11cd7
- name: github.com/go-ini/ini
  version: 300e940a926eb277d3901b20bdfcc54928ad3642
- name: github.com/go-openapi/jsonpointer
  version: ed123515f087412cd7ef02e49b0b0a5e6a79a360
- name: github.com/go-openapi/jsonreference
  version: 82f31475a8f7a12bc26962f6e26ceade8ea6f66a
- name: github.com/go-openapi/spec
  version: 7813efe8d77af0c3054c0207b258a80c842cd95e
- name: github.com/go-openapi/swag
  version: c3d0f7896d589f3babb99eea24bbc7de98108e72
- name: github.com/go-redis/redis
  version: 480db94d33e6088e08d628833b6c0705451d24bb
  subpackages:
  - internal
  - internal/consistenthash
  - internal/hashtag
  - internal/pool
  - internal/proto
  - internal/singleflight
  - internal/util
- name: github.com/go-resty/resty
  version: 03c09fa32a21b7b27b8dbb3877826c1ab3d2daa2
- name: github.com/gobwas/glob
  version: 5ccd90ef52e1e632236f7326478d4faa74f99438
  subpackages:
  - compiler
  - match
  - syntax
  - syntax/ast
  - syntax/lexer
  - util/runes
  - util/strings
- name: github.com/gogo/protobuf
  version: 342cbe0a04158f6dcb03ca0079991a51a4248c02
  subpackages:
  - proto
  - sortkeys
- name: github.com/golang/glog
  version: 44145f04b68cf362d9c4df2182967c2275eaefed
- name: github.com/golang/groupcache
  version: 02826c3e79038b59d737d3b1c0a1d937f71a4433
  subpackages:
  - lru
- name: github.com/golang/protobuf
  version: aa810b61a9c79d51363740d207bb46cf8e620ed5
  subpackages:
  - proto
  - ptypes
  - ptypes/any
  - ptypes/duration
  - ptypes/timestamp
- name: github.com/golang/snappy
  version: ff6b7dc882cf4cfba7ee0b9f7dcc1ac096c554aa
- name: github.com/gomodule/redigo
  version: d3876d43bbbeb98b4d67309b4d3eef49438ef74c
  subpackages:
  - redis
- name: github.com/google/btree
  version: 7d79101e329e5a3adf994758c578dab82b90c017
- name: github.com/google/go-cmp
  version: 6f77996f0c42f7b84e5a2b252227263f93432e9b
  subpackages:
  - cmp
  - cmp/internal/diff
  - cmp/internal/flags
  - cmp/internal/function
  - cmp/internal/value
- name: github.com/google/go-jsonnet
  version: 0d560aff58806e4abfbada4b2879b7ac8a35ffc3
  subpackages:
  - ast
  - parser
- name: github.com/google/gofuzz
  version: 24818f796faf91cd76ec7bddd72458fbced7a6c1
- name: github.com/google/uuid
  version: d460ce9f8df2e77fb1ba55ca87fafed96c607494
- name: github.com/googleapis/gnostic
  version: 0c5108395e2debce0d731cf0287ddf7242066aba
  subpackages:
  - OpenAPIv2
  - compiler
  - extensions
- name: github.com/gorilla/mux
  version: 884b5ffcbd3a11b730f0b75f5c86ac408753c34d
- name: github.com/gosuri/uitable
  version: 2cf933346b8370a3a3d8867ef5cf54b2129d8ecf
  subpackages:
  - util/strutil
  - util/wordwrap
- name: github.com/gregjones/httpcache
  version: 787624de3eb7bd915c329cba748687a3b22666a6
  subpackages:
  - diskcache
- name: github.com/hashicorp/errwrap
  version: 8a6fb523712970c966eefc6b39ed2c5e74880354
- name: github.com/hashicorp/go-multierror
  version: bdca7bb83f603b80ef756bb953fe1dafa9cd00a2
- name: github.com/hashicorp/golang-lru
  version: 20f1fb78b0740ba8c3cb143a61e86ba5c8669768
  subpackages:
  - simplelru
- name: github.com/hpcloud/tail
  version: a30252cb686a21eb2d0b98132633053ec2f7f1e5
  subpackages:
  - ratelimiter
  - util
  - watch
  - winfile
- name: github.com/huandu/xstrings
  version: f02667b379e2fb5916c3cda2cf31e0eb885d79f8
- name: github.com/imdario/mergo
  version: 9f23e2d6bd2a77f959b2bf6acdbefd708a83a4a4
- name: github.com/inconshreveable/mousetrap
  version: 76626ae9c91c4f2a10f34cad8ce83ea42c93bb75
- name: github.com/jmespath/go-jmespath
  version: 0b12d6b521d83fc7f755e7cfc1b1fbdd35a01a74
- name: github.com/json-iterator/go
  version: 27518f6661eba504be5a7a9a9f6d9460d892ade3
- name: github.com/kelseyhightower/envconfig
  version: 0b417c4ec4a8a82eecc22a1459a504aa55163d61
- name: github.com/konsorten/go-windows-terminal-sequences
  version: f55edac94c9bbba5d6182a4be46d86a2c9b5b50e
- name: github.com/kubernetes/klog
  version: 3ca30a56d8a775276f9cdae009ba326fdc05af7f
- name: github.com/mailru/easyjson
  version: 60711f1a8329503b04e1c88535f419d0bb440bff
  subpackages:
  - buffer
  - jlexer
  - jwriter
- name: github.com/MakeNowJust/heredoc
  version: bb23615498cded5e105af4ce27de75b089cbe851
- name: github.com/Masterminds/goutils
  version: 41ac8693c5c10a92ea1ff5ac3a7f95646f6123b0
- name: github.com/Masterminds/semver
  version: 517734cc7d6470c0d07130e40fd40bdeb9bcd3fd
- name: github.com/Masterminds/sprig
  version: 258b00ffa7318e8b109a141349980ffbd30a35db
- name: github.com/mattn/go-colorable
  version: 3a70a971f94a22f2fa562ffcc7a0eb45f5daf045
- name: github.com/mattn/go-isatty
  version: 369ecd8cea9851e459abb67eb171853e3986591e
- name: github.com/mattn/go-runewidth
  version: 703b5e6b11ae25aeb2af9ebb5d5fdf8fa2575211
- name: github.com/mgutz/ansi
  version: 9520e82c474b0a04dd04f8a40959027271bab992
- name: github.com/Microsoft/go-winio
  version: 78439966b38d69bf38227fbf57ac8a6fee70f69a
- name: github.com/Microsoft/hcsshim
  version: f92b8fb9c92e17da496af5a69e3ee13fbe9916e1
  subpackages:
  - internal/guestrequest
  - internal/guid
  - internal/hcs
  - internal/hcserror
  - internal/hns
  - internal/interop
  - internal/logfields
  - internal/longpath
  - internal/mergemaps
  - internal/safefile
  - internal/schema1
  - internal/schema2
  - internal/timeout
  - internal/wclayer
- name: github.com/mitchellh/go-wordwrap
  version: ad45545899c7b13c020ea92b2072220eefad42b8
- name: github.com/modern-go/concurrent
  version: bacd9c7ef1dd9b15be4a9909b8ac7a4e313eec94
- name: github.com/modern-go/reflect2
  version: 94122c33edd36123c84d5368cfb2b69df93a0ec8
- name: github.com/mohae/deepcopy
  version: c48cc78d482608239f6c4c92a4abd87eb8761c90
- name: github.com/Nvveen/Gotty
  version: cd527374f1e5bff4938207604a14f2e38a9cf512
- name: github.com/onsi/ginkgo
  version: 3774a09d95489ccaa16032e0770d08ea77ba6184
  subpackages:
  - config
  - internal/codelocation
  - internal/containernode
  - internal/failer
  - internal/leafnodes
  - internal/remote
  - internal/spec
  - internal/spec_iterator
  - internal/specrunner
  - internal/suite
  - internal/testingtproxy
  - internal/writer
  - reporters
  - reporters/stenographer
  - reporters/stenographer/support/go-colorable
  - reporters/stenographer/support/go-isatty
  - types
- name: github.com/onsi/gomega
  version: 5533ce8a0da374da682cd53d70ddcc54adf1a710
  subpackages:
  - format
  - internal/assertion
  - internal/asyncassertion
  - internal/oraclematcher
  - internal/testingtsupport
  - matchers
  - matchers/support/goraph/bipartitegraph
  - matchers/support/goraph/edge
  - matchers/support/goraph/node
  - matchers/support/goraph/util
  - types
- name: github.com/opencontainers/go-digest
  version: a6d0ee40d4207ea02364bd3b9e8e77b9159ba1eb
- name: github.com/opencontainers/image-spec
  version: 372ad780f63454fbbbbcc7cf80e5b90245c13e13
  subpackages:
  - specs-go
  - specs-go/v1
- name: github.com/opencontainers/runc
  version: 871ba2e58e24314d1fab4517a80410191ba5ad01
  subpackages:
  - libcontainer/system
  - libcontainer/user
- name: github.com/opentracing/opentracing-go
  version: a7454ce5950e83caac9774ef32cc8979e5975f30
  subpackages:
  - ext
  - log
- name: github.com/peterbourgon/diskv
  version: 5f041e8faa004a95c88a202771f4cc3e991971e6
- name: github.com/pierrec/lz4
  version: 0554902aa74a6a41b367c6352ebcc922b26782b1
  subpackages:
  - internal/xxh32
- name: github.com/pkg/errors
  version: 27936f6d90f9c8e1145f11ed52ffffbfdb9e0af7
- name: github.com/pmezard/go-difflib
  version: 792786c7400a136282c1664665ae0a8db921c6c2
  subpackages:
  - difflib
- name: github.com/PuerkitoBio/purell
  version: 0bcb03f4b4d0a9428594752bd2a3b9aa0a9d4bd4
- name: github.com/PuerkitoBio/urlesc
  version: de5bf2ad457846296e2031421a34e2568e304e35
- name: github.com/rcrowley/go-metrics
  version: cac0b30c2563378d434b5af411844adff8e32960
- name: github.com/RichardKnop/logging
  version: 1a693bdd4fae4adf6893849d150587ed2c92b751
- name: github.com/RichardKnop/machinery
  version: 759f2c738035edd4a21b846ae6aafcf5d02c5026
  subpackages:
  - v1
  - v1/backends/amqp
  - v1/backends/dynamodb
  - v1/backends/eager
  - v1/backends/iface
  - v1/backends/memcache
  - v1/backends/mongo
  - v1/backends/redis
  - v1/backends/result
  - v1/brokers/amqp
  - v1/brokers/eager
  - v1/brokers/errs
  - v1/brokers/iface
  - v1/brokers/redis
  - v1/brokers/sqs
  - v1/common
  - v1/config
  - v1/log
  - v1/retry
  - v1/tasks
  - v1/tracing
- name: github.com/RichardKnop/redsync
  version: 54b27db64c180751e7049321a2e109ff220ccdcc
- name: github.com/russross/blackfriday
  version: 300106c228d52c8941d4b3de6054a6062a86dda3
- name: github.com/sergi/go-diff
  version: da645544ed44df016359bd4c0e3dc60ee3a0da43
  subpackages:
  - '...'
  - diffmatchpatch
- name: github.com/Shopify/sarama
  version: ec843464b50d4c8b56403ec9d589cf41ea30e722
- name: github.com/shurcooL/sanitized_anchor_name
  version: 10ef21a441db47d8b13ebcc5fd2310f636973c77
- name: github.com/sirupsen/logrus
  version: 839c75faf7f98a33d445d181f3018b5c3409a45e
- name: github.com/spf13/cobra
  version: f2b07da1e2c38d5f12845a4f607e2e1018cbb1f5
- name: github.com/spf13/pflag
  version: 2e9d26c8c37aae03e3f9d4e90b7116f5accb7cab
- name: github.com/spf13/viper
  version: b5bf975e5823809fb22c7644d008757f78a4259e
- name: github.com/streadway/amqp
  version: edfb9018d2714e4ec54dbaba37dbfef2bdadf0e4
- name: github.com/stretchr/objx
  version: 1a9d0bb9f541897e62256577b352fdbc1fb4fd94
- name: github.com/stretchr/testify
  version: ffdc059bfe9ce6a4e144ba849dbedead332c6053
  subpackages:
  - assert
  - mock
- name: github.com/thoas/stats
  version: 965cb2de1678b040aefd01c448e2f10de3aec2ae
- name: github.com/tidwall/gjson
  version: eee0b6226f0d1db2675a176fdfaa8419bcad4ca8
- name: github.com/tidwall/match
  version: 33827db735fff6510490d69a8622612558a557ed
- name: github.com/tidwall/pretty
  version: 1166b9ac2b65e46a43d8618d30d1554f4652d49b
- name: github.com/tidwall/sjson
  version: c943cc8c8d751d9b33444adf78ae04c2fc8be754
- name: github.com/xeipuuv/gojsonpointer
  version: 02993c407bfbf5f6dae44c4f4b1cf6a39b5fc5bb
- name: github.com/xeipuuv/gojsonreference
  version: bd5ef7bd5415a7ac448318e64f11a24cd21e594b
- name: github.com/xeipuuv/gojsonschema
  version: 6a016cf16650f6be7151db7c3be6fc90a2c4d9b1
- name: golang.org/x/crypto
  version: e84da0312774c21d64ee2317962ef669b27ffb41
  subpackages:
  - cast5
  - ed25519
  - ed25519/internal/edwards25519
  - openpgp
  - openpgp/armor
  - openpgp/clearsign
  - openpgp/elgamal
  - openpgp/errors
  - openpgp/packet
  - openpgp/s2k
  - pbkdf2
  - scrypt
  - ssh/terminal
- name: golang.org/x/net
  version: cdfb69ac37fc6fa907650654115ebebb3aae2087
  subpackages:
  - context
  - context/ctxhttp
  - html
  - html/atom
  - html/charset
  - http/httpguts
  - http2
  - http2/hpack
  - idna
  - internal/socks
  - proxy
  - publicsuffix
- name: golang.org/x/oauth2
  version: 9f3314589c9a9136388751d9adae6b0ed400978a
  subpackages:
  - internal
- name: golang.org/x/sync
  version: 42b317875d0fa942474b76e1b46a6060d720ae6e
  subpackages:
  - errgroup
- name: golang.org/x/sys
  version: 3b5209105503162ded1863c307ac66fec31120dd
  subpackages:
  - unix
  - windows
- name: golang.org/x/text
  version: e6919f6577db79269a6443b9dc46d18f2238fb5d
  subpackages:
  - encoding
  - encoding/charmap
  - encoding/htmlindex
  - encoding/internal
  - encoding/internal/identifier
  - encoding/japanese
  - encoding/korean
  - encoding/simplifiedchinese
  - encoding/traditionalchinese
  - encoding/unicode
  - internal/language
  - internal/language/compact
  - internal/tag
  - internal/utf8internal
  - language
  - runes
  - secure/bidirule
  - transform
  - unicode/bidi
  - unicode/norm
  - width
- name: golang.org/x/time
  version: f51c12702a4d776e4c1fa9b0fabab841babae631
  subpackages:
  - rate
- name: google.golang.org/appengine
  version: 54a98f90d1c46b7731eb8fb305d2a321c30ef610
  subpackages:
  - internal
  - internal/base
  - internal/datastore
  - internal/log
  - internal/remote_api
  - internal/urlfetch
  - urlfetch
- name: google.golang.org/genproto
  version: 09f6ed296fc66555a25fe4ce95173148778dfa85
  subpackages:
  - googleapis/rpc/status
- name: google.golang.org/grpc
  version: df014850f6dee74ba2fc94874043a9f3f75fbfd8
  subpackages:
  - codes
  - status
- name: gopkg.in/fsnotify.v1
  version: c2828203cd70a50dcccfb2761f8b1f8ceef9a8e9
- name: gopkg.in/igm/sockjs-go.v2
  version: 525bcf0a9bb840e56f5e3363c8a98419ccc1f938
  subpackages:
  - sockjs
- name: gopkg.in/inf.v0
  version: 3887ee99ecf07df5b447e9b00d9c0b2adaa9f3e4
- name: gopkg.in/mgo.v2
  version: a6b53ec6cb22a3699387a57a161566f9402ee85b
  subpackages:
  - bson
  - internal/json
  - internal/sasl
  - internal/scram
- name: gopkg.in/square/go-jose.v2
  version: 89060dee6a84df9a4dae49f676f0c755037834f1
  subpackages:
  - cipher
  - json
  - jwt
- name: gopkg.in/tomb.v1
  version: dd632973f1e7218eb1089048e0798ec9ae7dceb8
- name: gopkg.in/yaml.v2
  version: 5420a8b6744d3b0345ab293f6fcba19c978f1183
- name: helm.sh/helm
  version: 85d955d5af1f5feeb8f5676f148d2c1b33efd0bb
  repo: ssh://git@172.16.1.41:10022/k8s/helm.git
  subpackages:
  - internal/experimental/registry
  - internal/ignore
  - internal/resolver
  - internal/sympath
  - internal/tlsutil
  - internal/urlutil
  - internal/version
  - pkg/action
  - pkg/chart
  - pkg/chart/loader
  - pkg/chartutil
  - pkg/cli
  - pkg/downloader
  - pkg/engine
  - pkg/getter
  - pkg/helmpath
  - pkg/helmpath/xdg
  - pkg/kube
  - pkg/kube/fake
  - pkg/lint
  - pkg/lint/rules
  - pkg/lint/support
  - pkg/plugin
  - pkg/proto/hapi/chart
  - pkg/proto/hapi/release
  - pkg/provenance
  - pkg/registry
  - pkg/release
  - pkg/releaseutil
  - pkg/repo
  - pkg/storage
  - pkg/storage/driver
- name: k8s.io/api
  version: 10ab632895af6a0f88ca453c395aeb2b794a521f
  repo: ssh://git@172.16.1.41:10022/k8s/api.git
  subpackages:
  - admission/v1beta1
  - admissionregistration/v1beta1
  - apps/v1
  - apps/v1beta1
  - apps/v1beta2
  - auditregistration/v1alpha1
  - authentication/v1
  - authentication/v1beta1
  - authorization/v1
  - authorization/v1beta1
  - autoscaling/v1
  - autoscaling/v2beta1
  - autoscaling/v2beta2
  - batch/v1
  - batch/v1beta1
  - batch/v2alpha1
  - certificates/v1beta1
  - coordination/v1
  - coordination/v1beta1
  - core/v1
  - events/v1beta1
  - extensions/v1beta1
  - imagepolicy/v1alpha1
  - networking/v1
  - networking/v1beta1
  - node/v1alpha1
  - node/v1beta1
  - policy/v1beta1
  - rbac/v1
  - rbac/v1alpha1
  - rbac/v1beta1
  - scheduling/v1
  - scheduling/v1alpha1
  - scheduling/v1beta1
  - settings/v1alpha1
  - storage/v1
  - storage/v1alpha1
  - storage/v1beta1
- name: k8s.io/apiextensions-apiserver
  version: 3652de39ca8ccf74d9126c1f0b5cb3679449c18b
  subpackages:
  - pkg/features
- name: k8s.io/apimachinery
  version: f2f3a405f61d6c2cdc0d00687c1b5d90de91e9f0
  subpackages:
  - pkg/api/equality
  - pkg/api/errors
  - pkg/api/meta
  - pkg/api/resource
  - pkg/api/validation
  - pkg/apis/meta/internalversion
  - pkg/apis/meta/v1
  - pkg/apis/meta/v1/unstructured
  - pkg/apis/meta/v1/unstructured/unstructuredscheme
  - pkg/apis/meta/v1/validation
  - pkg/apis/meta/v1beta1
  - pkg/conversion
  - pkg/conversion/queryparams
  - pkg/fields
  - pkg/labels
  - pkg/runtime
  - pkg/runtime/schema
  - pkg/runtime/serializer
  - pkg/runtime/serializer/json
  - pkg/runtime/serializer/protobuf
  - pkg/runtime/serializer/recognizer
  - pkg/runtime/serializer/streaming
  - pkg/runtime/serializer/versioning
  - pkg/selection
  - pkg/types
  - pkg/util/cache
  - pkg/util/clock
  - pkg/util/diff
  - pkg/util/duration
  - pkg/util/errors
  - pkg/util/framer
  - pkg/util/httpstream
  - pkg/util/httpstream/spdy
  - pkg/util/intstr
  - pkg/util/json
  - pkg/util/mergepatch
  - pkg/util/naming
  - pkg/util/net
  - pkg/util/rand
  - pkg/util/remotecommand
  - pkg/util/runtime
  - pkg/util/sets
  - pkg/util/strategicpatch
  - pkg/util/validation
  - pkg/util/validation/field
  - pkg/util/wait
  - pkg/util/yaml
  - pkg/version
  - pkg/watch
  - third_party/forked/golang/json
  - third_party/forked/golang/netutil
  - third_party/forked/golang/reflect
- name: k8s.io/apiserver
  version: c4b31550a3f471d3e01ade158db0b698a57429f8
  subpackages:
  - pkg/authentication/authenticator
  - pkg/authentication/serviceaccount
  - pkg/authentication/user
  - pkg/features
  - pkg/util/feature
- name: k8s.io/cli-runtime
  version: b0706c510efadce72964d4519a14a192c2e3cf3c
  subpackages:
  - pkg/genericclioptions
  - pkg/kustomize
  - pkg/kustomize/k8sdeps
  - pkg/kustomize/k8sdeps/configmapandsecret
  - pkg/kustomize/k8sdeps/kunstruct
  - pkg/kustomize/k8sdeps/kv
  - pkg/kustomize/k8sdeps/transformer
  - pkg/kustomize/k8sdeps/transformer/hash
  - pkg/kustomize/k8sdeps/transformer/patch
  - pkg/kustomize/k8sdeps/validator
  - pkg/printers
  - pkg/resource
- name: k8s.io/client-go
  version: 8e956561bbf57253b1d19c449d0f24e8cb18d467
  subpackages:
  - discovery
  - discovery/cached/disk
  - dynamic
  - dynamic/dynamicinformer
  - dynamic/dynamiclister
  - informers
  - informers/admissionregistration
  - informers/admissionregistration/v1beta1
  - informers/apps
  - informers/apps/v1
  - informers/apps/v1beta1
  - informers/apps/v1beta2
  - informers/auditregistration
  - informers/auditregistration/v1alpha1
  - informers/autoscaling
  - informers/autoscaling/v1
  - informers/autoscaling/v2beta1
  - informers/autoscaling/v2beta2
  - informers/batch
  - informers/batch/v1
  - informers/batch/v1beta1
  - informers/batch/v2alpha1
  - informers/certificates
  - informers/certificates/v1beta1
  - informers/coordination
  - informers/coordination/v1
  - informers/coordination/v1beta1
  - informers/core
  - informers/core/v1
  - informers/events
  - informers/events/v1beta1
  - informers/extensions
  - informers/extensions/v1beta1
  - informers/internalinterfaces
  - informers/networking
  - informers/networking/v1
  - informers/networking/v1beta1
  - informers/node
  - informers/node/v1alpha1
  - informers/node/v1beta1
  - informers/policy
  - informers/policy/v1beta1
  - informers/rbac
  - informers/rbac/v1
  - informers/rbac/v1alpha1
  - informers/rbac/v1beta1
  - informers/scheduling
  - informers/scheduling/v1
  - informers/scheduling/v1alpha1
  - informers/scheduling/v1beta1
  - informers/settings
  - informers/settings/v1alpha1
  - informers/storage
  - informers/storage/v1
  - informers/storage/v1alpha1
  - informers/storage/v1beta1
  - kubernetes
  - kubernetes/scheme
  - kubernetes/typed/admissionregistration/v1beta1
  - kubernetes/typed/apps/v1
  - kubernetes/typed/apps/v1beta1
  - kubernetes/typed/apps/v1beta2
  - kubernetes/typed/auditregistration/v1alpha1
  - kubernetes/typed/authentication/v1
  - kubernetes/typed/authentication/v1beta1
  - kubernetes/typed/authorization/v1
  - kubernetes/typed/authorization/v1beta1
  - kubernetes/typed/autoscaling/v1
  - kubernetes/typed/autoscaling/v2beta1
  - kubernetes/typed/autoscaling/v2beta2
  - kubernetes/typed/batch/v1
  - kubernetes/typed/batch/v1beta1
  - kubernetes/typed/batch/v2alpha1
  - kubernetes/typed/certificates/v1beta1
  - kubernetes/typed/coordination/v1
  - kubernetes/typed/coordination/v1beta1
  - kubernetes/typed/core/v1
  - kubernetes/typed/events/v1beta1
  - kubernetes/typed/extensions/v1beta1
  - kubernetes/typed/networking/v1
  - kubernetes/typed/networking/v1beta1
  - kubernetes/typed/node/v1alpha1
  - kubernetes/typed/node/v1beta1
  - kubernetes/typed/policy/v1beta1
  - kubernetes/typed/rbac/v1
  - kubernetes/typed/rbac/v1alpha1
  - kubernetes/typed/rbac/v1beta1
  - kubernetes/typed/scheduling/v1
  - kubernetes/typed/scheduling/v1alpha1
  - kubernetes/typed/scheduling/v1beta1
  - kubernetes/typed/settings/v1alpha1
  - kubernetes/typed/storage/v1
  - kubernetes/typed/storage/v1alpha1
  - kubernetes/typed/storage/v1beta1
  - listers/admissionregistration/v1beta1
  - listers/apps/v1
  - listers/apps/v1beta1
  - listers/apps/v1beta2
  - listers/auditregistration/v1alpha1
  - listers/autoscaling/v1
  - listers/autoscaling/v2beta1
  - listers/autoscaling/v2beta2
  - listers/batch/v1
  - listers/batch/v1beta1
  - listers/batch/v2alpha1
  - listers/certificates/v1beta1
  - listers/coordination/v1
  - listers/coordination/v1beta1
  - listers/core/v1
  - listers/events/v1beta1
  - listers/extensions/v1beta1
  - listers/networking/v1
  - listers/networking/v1beta1
  - listers/node/v1alpha1
  - listers/node/v1beta1
  - listers/policy/v1beta1
  - listers/rbac/v1
  - listers/rbac/v1alpha1
  - listers/rbac/v1beta1
  - listers/scheduling/v1
  - listers/scheduling/v1alpha1
  - listers/scheduling/v1beta1
  - listers/settings/v1alpha1
  - listers/storage/v1
  - listers/storage/v1alpha1
  - listers/storage/v1beta1
  - pkg/apis/clientauthentication
  - pkg/apis/clientauthentication/v1alpha1
  - pkg/apis/clientauthentication/v1beta1
  - pkg/version
  - plugin/pkg/client/auth/exec
  - rest
  - rest/watch
  - restmapper
  - scale
  - scale/scheme
  - scale/scheme/appsint
  - scale/scheme/appsv1beta1
  - scale/scheme/appsv1beta2
  - scale/scheme/autoscalingv1
  - scale/scheme/extensionsint
  - scale/scheme/extensionsv1beta1
  - third_party/forked/golang/template
  - tools/auth
  - tools/cache
  - tools/clientcmd
  - tools/clientcmd/api
  - tools/clientcmd/api/latest
  - tools/clientcmd/api/v1
  - tools/leaderelection
  - tools/leaderelection/resourcelock
  - tools/metrics
  - tools/pager
  - tools/record
  - tools/record/util
  - tools/reference
  - tools/remotecommand
  - tools/watch
  - transport
  - transport/spdy
  - util/cert
  - util/connrotation
  - util/exec
  - util/flowcontrol
  - util/homedir
  - util/jsonpath
  - util/keyutil
  - util/retry
  - util/workqueue
- name: k8s.io/component-base
  version: dd0e01d5790f2ab5b9e4420e86d49e7a16ebaed2
  subpackages:
  - featuregate
- name: k8s.io/klog
  version: 89e63fd5117f8c20208186ef85f096703a280c20
- name: k8s.io/kube-openapi
  version: b3a7cee44a305be0a69e1b9ac03018307287e1b0
  subpackages:
  - pkg/common
  - pkg/util/proto
  - pkg/util/proto/validation
- name: k8s.io/kubernetes
  version: cc5b08e3597f532c16579debf8db988eb86220e7
  subpackages:
  - pkg/api/legacyscheme
  - pkg/api/service
  - pkg/api/v1/pod
  - pkg/apis/apps
  - pkg/apis/autoscaling
  - pkg/apis/core
  - pkg/apis/core/helper
  - pkg/apis/core/install
  - pkg/apis/core/pods
  - pkg/apis/core/v1
  - pkg/apis/core/v1/helper
  - pkg/apis/core/validation
  - pkg/apis/scheduling
  - pkg/capabilities
  - pkg/controller
  - pkg/controller/deployment/util
  - pkg/features
  - pkg/fieldpath
  - pkg/kubectl/cmd/util
  - pkg/kubectl/cmd/util/editor/crlf
  - pkg/kubectl/cmd/util/openapi
  - pkg/kubectl/cmd/util/openapi/validation
  - pkg/kubectl/generated
  - pkg/kubectl/scheme
  - pkg/kubectl/util/i18n
  - pkg/kubectl/util/interrupt
  - pkg/kubectl/util/templates
  - pkg/kubectl/util/term
  - pkg/kubectl/validation
  - pkg/kubectl/version
  - pkg/kubelet/types
  - pkg/master/ports
  - pkg/security/apparmor
  - pkg/serviceaccount
  - pkg/util/hash
  - pkg/util/labels
  - pkg/util/parsers
  - pkg/util/taints
- name: k8s.io/utils
  version: c2654d5206da6b7b6ace12841e8f359bb89b443c
  subpackages:
  - buffer
  - exec
  - integer
  - net
  - path
  - pointer
  - trace
- name: sigs.k8s.io/kustomize
  version: a6f65144121d1955266b0cd836ce954c04122dc8
  subpackages:
  - pkg/commands/build
  - pkg/constants
  - pkg/expansion
  - pkg/factory
  - pkg/fs
  - pkg/git
  - pkg/gvk
  - pkg/ifc
  - pkg/ifc/transformer
  - pkg/image
  - pkg/internal/error
  - pkg/loader
  - pkg/patch
  - pkg/patch/transformer
  - pkg/resid
  - pkg/resmap
  - pkg/resource
  - pkg/target
  - pkg/transformers
  - pkg/transformers/config
  - pkg/transformers/config/defaultconfig
  - pkg/types
- name: sigs.k8s.io/yaml
  version: fd68e9863619f6ec2fdd8625fe1f02e7c877e480
- name: transwarp/application-instance
  version: f8bb8699ceec6fc1b174e07524baf366ede3965b
  repo: ssh://git@172.16.1.41:10022/k8s/application-instance.git
- name: transwarp/release-config
  version: 02454f8c053d3a03cde18cd17329ee24f0f366e6
  repo: https://github.com/WarpCloud/release-config.git
  subpackages:
  - pkg/apis/transwarp
  - pkg/apis/transwarp/v1beta1
  - pkg/client/clientset/versioned
  - pkg/client/clientset/versioned/scheme
  - pkg/client/clientset/versioned/typed/transwarp/v1beta1
  - pkg/client/informers/externalversions
  - pkg/client/informers/externalversions/internalinterfaces
  - pkg/client/informers/externalversions/transwarp
  - pkg/client/informers/externalversions/transwarp/v1beta1
  - pkg/client/listers/transwarp/v1beta1
testImports:
- name: github.com/kr/pretty
  version: f31442d60e51465c69811e2107ae978868dbea5c
- name: github.com/kr/text
  version: 6807e777504f54ad073ecef66747de158294b639
- name: gopkg.in/check.v1
  version: 41f04d3bba152ddec2103e299fed053415705330
